// !$*UTF8*$!
{
	archiveVersion = 1;
	classes = {
	};
	objectVersion = 50;
	objects = {

/* Begin PBXBuildFile section */
		A40911FC259AB58B00D0017B /* SwiftUI_stack_pratice_tutorialApp.swift in Sources */ = {isa = PBXBuildFile; fileRef = A40911FB259AB58B00D0017B /* SwiftUI_stack_pratice_tutorialApp.swift */; };
		A40911FE259AB58B00D0017B /* ContentView.swift in Sources */ = {isa = PBXBuildFile; fileRef = A40911FD259AB58B00D0017B /* ContentView.swift */; };
		A4091200259AB58D00D0017B /* Assets.xcassets in Resources */ = {isa = PBXBuildFile; fileRef = A40911FF259AB58D00D0017B /* Assets.xcassets */; };
		A4091203259AB58D00D0017B /* Preview Assets.xcassets in Resources */ = {isa = PBXBuildFile; fileRef = A4091202259AB58D00D0017B /* Preview Assets.xcassets */; };
		A409120D259AB5ED00D0017B /* MyProjectCard.swift in Sources */ = {isa = PBXBuildFile; fileRef = A409120C259AB5ED00D0017B /* MyProjectCard.swift */; };
/* End PBXBuildFile section */

/* Begin PBXFileReference section */
		A40911F8259AB58B00D0017B /* SwiftUI_stack_pratice_tutorial.app */ = {isa = PBXFileReference; explicitFileType = wrapper.application; includeInIndex = 0; path = SwiftUI_stack_pratice_tutorial.app; sourceTree = BUILT_PRODUCTS_DIR; };
		A40911FB259AB58B00D0017B /* SwiftUI_stack_pratice_tutorialApp.swift */ = {isa = PBXFileReference; lastKnownFileType = sourcecode.swift; path = SwiftUI_stack_pratice_tutorialApp.swift; sourceTree = "<group>"; };
		A40911FD259AB58B00D0017B /* ContentView.swift */ = {isa = PBXFileReference; lastKnownFileType = sourcecode.swift; path = ContentView.swift; sourceTree = "<group>"; };
		A40911FF259AB58D00D0017B /* Assets.xcassets */ = {isa = PBXFileReference; lastKnownFileType = folder.assetcatalog; path = Assets.xcassets; sourceTree = "<group>"; };
		A4091202259AB58D00D0017B /* Preview Assets.xcassets */ = {isa = PBXFileReference; lastKnownFileType = folder.assetcatalog; path = "Preview Assets.xcassets"; sourceTree = "<group>"; };
		A4091204259AB58D00D0017B /* Info.plist */ = {isa = PBXFileReference; lastKnownFileType = text.plist.xml; path = Info.plist; sourceTree = "<group>"; };
		A409120C259AB5ED00D0017B /* MyProjectCard.swift */ = {isa = PBXFileReference; lastKnownFileType = sourcecode.swift; path = MyProjectCard.swift; sourceTree = "<group>"; };
/* End PBXFileReference section */

/* Begin PBXFrameworksBuildPhase section */
		A40911F5259AB58B00D0017B /* Frameworks */ = {
			isa = PBXFrameworksBuildPhase;
			buildActionMask = 2147483647;
			files = (
			);
			runOnlyForDeploymentPostprocessing = 0;
		};
/* End PBXFrameworksBuildPhase section */

/* Begin PBXGroup section */
		A40911EF259AB58B00D0017B = {
			isa = PBXGroup;
			children = (
				A40911FA259AB58B00D0017B /* SwiftUI_stack_pratice_tutorial */,
				A40911F9259AB58B00D0017B /* Products */,
			);
			sourceTree = "<group>";
		};
		A40911F9259AB58B00D0017B /* Products */ = {
			isa = PBXGroup;
			children = (
				A40911F8259AB58B00D0017B /* SwiftUI_stack_pratice_tutorial.app */,
			);
			name = Products;
			sourceTree = "<group>";
		};
		A40911FA259AB58B00D0017B /* SwiftUI_stack_pratice_tutorial */ = {
			isa = PBXGroup;
			children = (
				A40911FB259AB58B00D0017B /* SwiftUI_stack_pratice_tutorialApp.swift */,
				A40911FD259AB58B00D0017B /* ContentView.swift */,
				A40911FF259AB58D00D0017B /* Assets.xcassets */,
				A4091204259AB58D00D0017B /* Info.plist */,
				A4091201259AB58D00D0017B /* Preview Content */,
				A409120C259AB5ED00D0017B /* MyProjectCard.swift */,
			);
			path = SwiftUI_stack_pratice_tutorial;
			sourceTree = "<group>";
		};
		A4091201259AB58D00D0017B /* Preview Content */ = {
			isa = PBXGroup;
			children = (
				A4091202259AB58D00D0017B /* Preview Assets.xcassets */,
			);
			path = "Preview Content";
			sourceTree = "<group>";
		};
/* End PBXGroup section */

/* Begin PBXNativeTarget section */
		A40911F7259AB58B00D0017B /* SwiftUI_stack_pratice_tutorial */ = {
			isa = PBXNativeTarget;
			buildConfigurationList = A4091207259AB58D00D0017B /* Build configuration list for PBXNativeTarget "SwiftUI_stack_pratice_tutorial" */;
			buildPhases = (
				A40911F4259AB58B00D0017B /* Sources */,
				A40911F5259AB58B00D0017B /* Frameworks */,
				A40911F6259AB58B00D0017B /* Resources */,
			);
			buildRules = (
			);
			dependencies = (
			);
			name = SwiftUI_stack_pratice_tutorial;
			productName = SwiftUI_stack_pratice_tutorial;
			productReference = A40911F8259AB58B00D0017B /* SwiftUI_stack_pratice_tutorial.app */;
			productType = "com.apple.product-type.application";
		};
/* End PBXNativeTarget section */

/* Begin PBXProject section */
		A40911F0259AB58B00D0017B /* Project object */ = {
			isa = PBXProject;
			attributes = {
				LastSwiftUpdateCheck = 1230;
				LastUpgradeCheck = 1230;
				TargetAttributes = {
					A40911F7259AB58B00D0017B = {
						CreatedOnToolsVersion = 12.3;
					};
				};
			};
			buildConfigurationList = A40911F3259AB58B00D0017B /* Build configuration list for PBXProject "SwiftUI_stack_pratice_tutorial" */;
			compatibilityVersion = "Xcode 9.3";
			developmentRegion = en;
			hasScannedForEncodings = 0;
			knownRegions = (
				en,
				Base,
			);
			mainGroup = A40911EF259AB58B00D0017B;
			productRefGroup = A40911F9259AB58B00D0017B /* Products */;
			projectDirPath = "";
			projectRoot = "";
			targets = (
				A40911F7259AB58B00D0017B /* SwiftUI_stack_pratice_tutorial */,
			);
		};
/* End PBXProject section */

/* Begin PBXResourcesBuildPhase section */
		A40911F6259AB58B00D0017B /* Resources */ = {
			isa = PBXResourcesBuildPhase;
			buildActionMask = 2147483647;
			files = (
				A4091203259AB58D00D0017B /* Preview Assets.xcassets in Resources */,
				A4091200259AB58D00D0017B /* Assets.xcassets in Resources */,
			);
			runOnlyForDeploymentPostprocessing = 0;
		};
/* End PBXResourcesBuildPhase section */

/* Begin PBXSourcesBuildPhase section */
		A40911F4259AB58B00D0017B /* Sources */ = {
			isa = PBXSourcesBuildPhase;
			buildActionMask = 2147483647;
			files = (
				A409120D259AB5ED00D0017B /* MyProjectCard.swift in Sources */,
				A40911FE259AB58B00D0017B /* ContentView.swift in Sources */,
				A40911FC259AB58B00D0017B /* SwiftUI_stack_pratice_tutorialApp.swift in Sources */,
			);
			runOnlyForDeploymentPostprocessing = 0;
		};
/* End PBXSourcesBuildPhase section */

/* Begin XCBuildConfiguration section */
		A4091205259AB58D00D0017B /* Debug */ = {
			isa = XCBuildConfiguration;
			buildSettings = {
				ALWAYS_SEARCH_USER_PATHS = NO;
				CLANG_ANALYZER_NONNULL = YES;
				CLANG_ANALYZER_NUMBER_OBJECT_CONVERSION = YES_AGGRESSIVE;
				CLANG_CXX_LANGUAGE_STANDARD = "gnu++14";
				CLANG_CXX_LIBRARY = "libc++";
				CLANG_ENABLE_MODULES = YES;
				CLANG_ENABLE_OBJC_ARC = YES;
				CLANG_ENABLE_OBJC_WEAK = YES;
				CLANG_WARN_BLOCK_CAPTURE_AUTORELEASING = YES;
				CLANG_WARN_BOOL_CONVERSION = YES;
				CLANG_WARN_COMMA = YES;
				CLANG_WARN_CONSTANT_CONVERSION = YES;
				CLANG_WARN_DEPRECATED_OBJC_IMPLEMENTATIONS = YES;
				CLANG_WARN_DIRECT_OBJC_ISA_USAGE = YES_ERROR;
				CLANG_WARN_DOCUMENTATION_COMMENTS = YES;
				CLANG_WARN_EMPTY_BODY = YES;
				CLANG_WARN_ENUM_CONVERSION = YES;
				CLANG_WARN_INFINITE_RECURSION = YES;
				CLANG_WARN_INT_CONVERSION = YES;
				CLANG_WARN_NON_LITERAL_NULL_CONVERSION = YES;
				CLANG_WARN_OBJC_IMPLICIT_RETAIN_SELF = YES;
				CLANG_WARN_OBJC_LITERAL_CONVERSION = YES;
				CLANG_WARN_OBJC_ROOT_CLASS = YES_ERROR;
				CLANG_WARN_QUOTED_INCLUDE_IN_FRAMEWORK_HEADER = YES;
				CLANG_WARN_RANGE_LOOP_ANALYSIS = YES;
				CLANG_WARN_STRICT_PROTOTYPES = YES;
				CLANG_WARN_SUSPICIOUS_MOVE = YES;
				CLANG_WARN_UNGUARDED_AVAILABILITY = YES_AGGRESSIVE;
				CLANG_WARN_UNREACHABLE_CODE = YES;
				CLANG_WARN__DUPLICATE_METHOD_MATCH = YES;
				COPY_PHASE_STRIP = NO;
				DEBUG_INFORMATION_FORMAT = dwarf;
				ENABLE_STRICT_OBJC_MSGSEND = YES;
				ENABLE_TESTABILITY = YES;
				GCC_C_LANGUAGE_STANDARD = gnu11;
				GCC_DYNAMIC_NO_PIC = NO;
				GCC_NO_COMMON_BLOCKS = YES;
				GCC_OPTIMIZATION_LEVEL = 0;
				GCC_PREPROCESSOR_DEFINITIONS = (
					"DEBUG=1",
					"$(inherited)",
				);
				GCC_WARN_64_TO_32_BIT_CONVERSION = YES;
				GCC_WARN_ABOUT_RETURN_TYPE = YES_ERROR;
				GCC_WARN_UNDECLARED_SELECTOR = YES;
				GCC_WARN_UNINITIALIZED_AUTOS = YES_AGGRESSIVE;
				GCC_WARN_UNUSED_FUNCTION = YES;
				GCC_WARN_UNUSED_VARIABLE = YES;
				IPHONEOS_DEPLOYMENT_TARGET = 14.3;
				MTL_ENABLE_DEBUG_INFO = INCLUDE_SOURCE;
				MTL_FAST_MATH = YES;
				ONLY_ACTIVE_ARCH = YES;
				SDKROOT = iphoneos;
				SWIFT_ACTIVE_COMPILATION_CONDITIONS = DEBUG;
				SWIFT_OPTIMIZATION_LEVEL = "-Onone";
			};
			name = Debug;
		};
		A4091206259AB58D00D0017B /* Release */ = {
			isa = XCBuildConfiguration;
			buildSettings = {
				ALWAYS_SEARCH_USER_PATHS = NO;
				CLANG_ANALYZER_NONNULL = YES;
				CLANG_ANALYZER_NUMBER_OBJECT_CONVERSION = YES_AGGRESSIVE;
				CLANG_CXX_LANGUAGE_STANDARD = "gnu++14";
				CLANG_CXX_LIBRARY = "libc++";
				CLANG_ENABLE_MODULES = YES;
				CLANG_ENABLE_OBJC_ARC = YES;
				CLANG_ENABLE_OBJC_WEAK = YES;
				CLANG_WARN_BLOCK_CAPTURE_AUTORELEASING = YES;
				CLANG_WARN_BOOL_CONVERSION = YES;
				CLANG_WARN_COMMA = YES;
				CLANG_WARN_CONSTANT_CONVERSION = YES;
				CLANG_WARN_DEPRECATED_OBJC_IMPLEMENTATIONS = YES;
				CLANG_WARN_DIRECT_OBJC_ISA_USAGE = YES_ERROR;
				CLANG_WARN_DOCUMENTATION_COMMENTS = YES;
				CLANG_WARN_EMPTY_BODY = YES;
				CLANG_WARN_ENUM_CONVERSION = YES;
				CLANG_WARN_INFINITE_RECURSION = YES;
				CLANG_WARN_INT_CONVERSION = YES;
				CLANG_WARN_NON_LITERAL_NULL_CONVERSION = YES;
				CLANG_WARN_OBJC_IMPLICIT_RETAIN_SELF = YES;
				CLANG_WARN_OBJC_LITERAL_CONVERSION = YES;
				CLANG_WARN_OBJC_ROOT_CLASS = YES_ERROR;
				CLANG_WARN_QUOTED_INCLUDE_IN_FRAMEWORK_HEADER = YES;
				CLANG_WARN_RANGE_LOOP_ANALYSIS = YES;
				CLANG_WARN_STRICT_PROTOTYPES = YES;
				CLANG_WARN_SUSPICIOUS_MOVE = YES;
				CLANG_WARN_UNGUARDED_AVAILABILITY = YES_AGGRESSIVE;
				CLANG_WARN_UNREACHABLE_CODE = YES;
				CLANG_WARN__DUPLICATE_METHOD_MATCH = YES;
				COPY_PHASE_STRIP = NO;
				DEBUG_INFORMATION_FORMAT = "dwarf-with-dsym";
				ENABLE_NS_ASSERTIONS = NO;
				ENABLE_STRICT_OBJC_MSGSEND = YES;
				GCC_C_LANGUAGE_STANDARD = gnu11;
				GCC_NO_COMMON_BLOCKS = YES;
				GCC_WARN_64_TO_32_BIT_CONVERSION = YES;
				GCC_WARN_ABOUT_RETURN_TYPE = YES_ERROR;
				GCC_WARN_UNDECLARED_SELECTOR = YES;
				GCC_WARN_UNINITIALIZED_AUTOS = YES_AGGRESSIVE;
				GCC_WARN_UNUSED_FUNCTION = YES;
				GCC_WARN_UNUSED_VARIABLE = YES;
				IPHONEOS_DEPLOYMENT_TARGET = 14.3;
				MTL_ENABLE_DEBUG_INFO = NO;
				MTL_FAST_MATH = YES;
				SDKROOT = iphoneos;
				SWIFT_COMPILATION_MODE = wholemodule;
				SWIFT_OPTIMIZATION_LEVEL = "-O";
				VALIDATE_PRODUCT = YES;
			};
			name = Release;
		};
		A4091208259AB58D00D0017B /* Debug */ = {
			isa = XCBuildConfiguration;
			buildSettings = {
				ASSETCATALOG_COMPILER_APPICON_NAME = AppIcon;
				ASSETCATALOG_COMPILER_GLOBAL_ACCENT_COLOR_NAME = AccentColor;
				CODE_SIGN_STYLE = Automatic;
				DEVELOPMENT_ASSET_PATHS = "\"SwiftUI_stack_pratice_tutorial/Preview Content\"";
				DEVELOPMENT_TEAM = G755H2G5B3;
				ENABLE_PREVIEWS = YES;
				INFOPLIST_FILE = SwiftUI_stack_pratice_tutorial/Info.plist;
				IPHONEOS_DEPLOYMENT_TARGET = 14.0;
				LD_RUNPATH_SEARCH_PATHS = (
					"$(inherited)",
					"@executable_path/Frameworks",
				);
				PRODUCT_BUNDLE_IDENTIFIER = "www.parkhyunsang.com.SwiftUI-stack-pratice-tutorial";
				PRODUCT_NAME = "$(TARGET_NAME)";
				SWIFT_VERSION = 5.0;
				TARGETED_DEVICE_FAMILY = "1,2";
			};
			name = Debug;
		};
		A4091209259AB58D00D0017B /* Release */ = {
			isa = XCBuildConfiguration;
			buildSettings = {
				ASSETCATALOG_COMPILER_APPICON_NAME = AppIcon;
				ASSETCATALOG_COMPILER_GLOBAL_ACCENT_COLOR_NAME = AccentColor;
				CODE_SIGN_STYLE = Automatic;
				DEVELOPMENT_ASSET_PATHS = "\"SwiftUI_stack_pratice_tutorial/Preview Content\"";
				DEVELOPMENT_TEAM = G755H2G5B3;
				ENABLE_PREVIEWS = YES;
				INFOPLIST_FILE = SwiftUI_stack_pratice_tutorial/Info.plist;
				IPHONEOS_DEPLOYMENT_TARGET = 14.0;
				LD_RUNPATH_SEARCH_PATHS = (
					"$(inherited)",
					"@executable_path/Frameworks",
				);
				PRODUCT_BUNDLE_IDENTIFIER = "www.parkhyunsang.com.SwiftUI-stack-pratice-tutorial";
				PRODUCT_NAME = "$(TARGET_NAME)";
				SWIFT_VERSION = 5.0;
				TARGETED_DEVICE_FAMILY = "1,2";
			};
			name = Release;
		};
/* End XCBuildConfiguration section */

/* Begin XCConfigurationList section */
		A40911F3259AB58B00D0017B /* Build configuration list for PBXProject "SwiftUI_stack_pratice_tutorial" */ = {
			isa = XCConfigurationList;
			buildConfigurations = (
				A4091205259AB58D00D0017B /* Debug */,
				A4091206259AB58D00D0017B /* Release */,
			);
			defaultConfigurationIsVisible = 0;
			defaultConfigurationName = Release;
		};
		A4091207259AB58D00D0017B /* Build configuration list for PBXNativeTarget "SwiftUI_stack_pratice_tutorial" */ = {
			isa = XCConfigurationList;
			buildConfigurations = (
				A4091208259AB58D00D0017B /* Debug */,
				A4091209259AB58D00D0017B /* Release */,
			);
			defaultConfigurationIsVisible = 0;
			defaultConfigurationName = Release;
		};
/* End XCConfigurationList section */
	};
	rootObject = A40911F0259AB58B00D0017B /* Project object */;
}
